// !$*UTF8*$!
{
	archiveVersion = 1;
	classes = {
	};
	objectVersion = 56;
	objects = {

/* Begin PBXBuildFile section */
		91321BA72BF5AC71000FEA3F /* TabItem.swift in Sources */ = {isa = PBXBuildFile; fileRef = 91321BA62BF5AC71000FEA3F /* TabItem.swift */; };
		914BEAB32C17A5C800C8A8E8 /* AnumsApp.swift in Sources */ = {isa = PBXBuildFile; fileRef = 914BEAB22C17A5C800C8A8E8 /* AnumsApp.swift */; };
		917704B72C1A77720082C841 /* ProfileViewModel.swift in Sources */ = {isa = PBXBuildFile; fileRef = 917704B62C1A77720082C841 /* ProfileViewModel.swift */; };
		917724D32BF9734A008BBE8B /* TextHelper.swift in Sources */ = {isa = PBXBuildFile; fileRef = 917724D22BF9734A008BBE8B /* TextHelper.swift */; };
		917724D52BF97598008BBE8B /* ButtonHelper.swift in Sources */ = {isa = PBXBuildFile; fileRef = 917724D42BF97598008BBE8B /* ButtonHelper.swift */; };
		91BC02732BF585AD00C2AA4D /* learningSwiftUIApp.swift in Sources */ = {isa = PBXBuildFile; fileRef = 91BC02722BF585AD00C2AA4D /* learningSwiftUIApp.swift */; };
		91BC02752BF585AD00C2AA4D /* ContentView.swift in Sources */ = {isa = PBXBuildFile; fileRef = 91BC02742BF585AD00C2AA4D /* ContentView.swift */; };
		91BC02772BF585AE00C2AA4D /* Assets.xcassets in Resources */ = {isa = PBXBuildFile; fileRef = 91BC02762BF585AE00C2AA4D /* Assets.xcassets */; };
		91BC027B2BF585AE00C2AA4D /* Preview Assets.xcassets in Resources */ = {isa = PBXBuildFile; fileRef = 91BC027A2BF585AE00C2AA4D /* Preview Assets.xcassets */; };
		91BC02852BF585AE00C2AA4D /* learningSwiftUITests.swift in Sources */ = {isa = PBXBuildFile; fileRef = 91BC02842BF585AE00C2AA4D /* learningSwiftUITests.swift */; };
		91BC028F2BF585AE00C2AA4D /* learningSwiftUIUITests.swift in Sources */ = {isa = PBXBuildFile; fileRef = 91BC028E2BF585AE00C2AA4D /* learningSwiftUIUITests.swift */; };
		91BC02912BF585AE00C2AA4D /* learningSwiftUIUITestsLaunchTests.swift in Sources */ = {isa = PBXBuildFile; fileRef = 91BC02902BF585AE00C2AA4D /* learningSwiftUIUITestsLaunchTests.swift */; };
		91BC02A22BF5860C00C2AA4D /* CustomTabBar.swift in Sources */ = {isa = PBXBuildFile; fileRef = 91BC029D2BF5860C00C2AA4D /* CustomTabBar.swift */; };
		91BC02A32BF5860C00C2AA4D /* HomeView.swift in Sources */ = {isa = PBXBuildFile; fileRef = 91BC029E2BF5860C00C2AA4D /* HomeView.swift */; };
		91BC02AC2BF5861E00C2AA4D /* AppData.swift in Sources */ = {isa = PBXBuildFile; fileRef = 91BC02A42BF5861E00C2AA4D /* AppData.swift */; };
		91BC02AD2BF5861E00C2AA4D /* Tab.swift in Sources */ = {isa = PBXBuildFile; fileRef = 91BC02A52BF5861E00C2AA4D /* Tab.swift */; };
		91BC02AE2BF5861E00C2AA4D /* SplashScreen.swift in Sources */ = {isa = PBXBuildFile; fileRef = 91BC02A72BF5861E00C2AA4D /* SplashScreen.swift */; };
		91BC02AF2BF5861E00C2AA4D /* netflixSplash.json in Resources */ = {isa = PBXBuildFile; fileRef = 91BC02A92BF5861E00C2AA4D /* netflixSplash.json */; };
		91BC02B22BF5863D00C2AA4D /* Lottie in Frameworks */ = {isa = PBXBuildFile; productRef = 91BC02B12BF5863D00C2AA4D /* Lottie */; };
		91EA2E592C164A00001FA46B /* DatePickerHelper.swift in Sources */ = {isa = PBXBuildFile; fileRef = 91EA2E582C164A00001FA46B /* DatePickerHelper.swift */; };
		91F288F62BF65A6000EF74B2 /* ProfileView.swift in Sources */ = {isa = PBXBuildFile; fileRef = 91F288F52BF65A6000EF74B2 /* ProfileView.swift */; };
		91F288F92BF65B5F00EF74B2 /* TextfieldHelper.swift in Sources */ = {isa = PBXBuildFile; fileRef = 91F288F82BF65B5F00EF74B2 /* TextfieldHelper.swift */; };
/* End PBXBuildFile section */

/* Begin PBXContainerItemProxy section */
		91BC02812BF585AE00C2AA4D /* PBXContainerItemProxy */ = {
			isa = PBXContainerItemProxy;
			containerPortal = 91BC02672BF585AD00C2AA4D /* Project object */;
			proxyType = 1;
			remoteGlobalIDString = 91BC026E2BF585AD00C2AA4D;
			remoteInfo = learningSwiftUI;
		};
		91BC028B2BF585AE00C2AA4D /* PBXContainerItemProxy */ = {
			isa = PBXContainerItemProxy;
			containerPortal = 91BC02672BF585AD00C2AA4D /* Project object */;
			proxyType = 1;
			remoteGlobalIDString = 91BC026E2BF585AD00C2AA4D;
			remoteInfo = learningSwiftUI;
		};
/* End PBXContainerItemProxy section */

/* Begin PBXFileReference section */
		91321BA62BF5AC71000FEA3F /* TabItem.swift */ = {isa = PBXFileReference; lastKnownFileType = sourcecode.swift; path = TabItem.swift; sourceTree = "<group>"; };
		914BEAB22C17A5C800C8A8E8 /* AnumsApp.swift */ = {isa = PBXFileReference; lastKnownFileType = sourcecode.swift; path = AnumsApp.swift; sourceTree = "<group>"; };
		917704B62C1A77720082C841 /* ProfileViewModel.swift */ = {isa = PBXFileReference; lastKnownFileType = sourcecode.swift; path = ProfileViewModel.swift; sourceTree = "<group>"; };
		917724D22BF9734A008BBE8B /* TextHelper.swift */ = {isa = PBXFileReference; lastKnownFileType = sourcecode.swift; path = TextHelper.swift; sourceTree = "<group>"; };
		917724D42BF97598008BBE8B /* ButtonHelper.swift */ = {isa = PBXFileReference; lastKnownFileType = sourcecode.swift; path = ButtonHelper.swift; sourceTree = "<group>"; };
		91BC026F2BF585AD00C2AA4D /* learningSwiftUI.app */ = {isa = PBXFileReference; explicitFileType = wrapper.application; includeInIndex = 0; path = learningSwiftUI.app; sourceTree = BUILT_PRODUCTS_DIR; };
		91BC02722BF585AD00C2AA4D /* learningSwiftUIApp.swift */ = {isa = PBXFileReference; lastKnownFileType = sourcecode.swift; path = learningSwiftUIApp.swift; sourceTree = "<group>"; };
		91BC02742BF585AD00C2AA4D /* ContentView.swift */ = {isa = PBXFileReference; lastKnownFileType = sourcecode.swift; path = ContentView.swift; sourceTree = "<group>"; };
		91BC02762BF585AE00C2AA4D /* Assets.xcassets */ = {isa = PBXFileReference; lastKnownFileType = folder.assetcatalog; path = Assets.xcassets; sourceTree = "<group>"; };
		91BC02782BF585AE00C2AA4D /* learningSwiftUI.entitlements */ = {isa = PBXFileReference; lastKnownFileType = text.plist.entitlements; path = learningSwiftUI.entitlements; sourceTree = "<group>"; };
		91BC027A2BF585AE00C2AA4D /* Preview Assets.xcassets */ = {isa = PBXFileReference; lastKnownFileType = folder.assetcatalog; path = "Preview Assets.xcassets"; sourceTree = "<group>"; };
		91BC02802BF585AE00C2AA4D /* learningSwiftUITests.xctest */ = {isa = PBXFileReference; explicitFileType = wrapper.cfbundle; includeInIndex = 0; path = learningSwiftUITests.xctest; sourceTree = BUILT_PRODUCTS_DIR; };
		91BC02842BF585AE00C2AA4D /* learningSwiftUITests.swift */ = {isa = PBXFileReference; lastKnownFileType = sourcecode.swift; path = learningSwiftUITests.swift; sourceTree = "<group>"; };
		91BC028A2BF585AE00C2AA4D /* learningSwiftUIUITests.xctest */ = {isa = PBXFileReference; explicitFileType = wrapper.cfbundle; includeInIndex = 0; path = learningSwiftUIUITests.xctest; sourceTree = BUILT_PRODUCTS_DIR; };
		91BC028E2BF585AE00C2AA4D /* learningSwiftUIUITests.swift */ = {isa = PBXFileReference; lastKnownFileType = sourcecode.swift; path = learningSwiftUIUITests.swift; sourceTree = "<group>"; };
		91BC02902BF585AE00C2AA4D /* learningSwiftUIUITestsLaunchTests.swift */ = {isa = PBXFileReference; lastKnownFileType = sourcecode.swift; path = learningSwiftUIUITestsLaunchTests.swift; sourceTree = "<group>"; };
		91BC029D2BF5860C00C2AA4D /* CustomTabBar.swift */ = {isa = PBXFileReference; fileEncoding = 4; lastKnownFileType = sourcecode.swift; path = CustomTabBar.swift; sourceTree = "<group>"; };
		91BC029E2BF5860C00C2AA4D /* HomeView.swift */ = {isa = PBXFileReference; fileEncoding = 4; lastKnownFileType = sourcecode.swift; path = HomeView.swift; sourceTree = "<group>"; };
		91BC02A42BF5861E00C2AA4D /* AppData.swift */ = {isa = PBXFileReference; fileEncoding = 4; lastKnownFileType = sourcecode.swift; path = AppData.swift; sourceTree = "<group>"; };
		91BC02A52BF5861E00C2AA4D /* Tab.swift */ = {isa = PBXFileReference; fileEncoding = 4; lastKnownFileType = sourcecode.swift; path = Tab.swift; sourceTree = "<group>"; };
		91BC02A72BF5861E00C2AA4D /* SplashScreen.swift */ = {isa = PBXFileReference; fileEncoding = 4; lastKnownFileType = sourcecode.swift; path = SplashScreen.swift; sourceTree = "<group>"; };
		91BC02A92BF5861E00C2AA4D /* netflixSplash.json */ = {isa = PBXFileReference; fileEncoding = 4; lastKnownFileType = text.json; path = netflixSplash.json; sourceTree = "<group>"; };
		91EA2E582C164A00001FA46B /* DatePickerHelper.swift */ = {isa = PBXFileReference; lastKnownFileType = sourcecode.swift; path = DatePickerHelper.swift; sourceTree = "<group>"; };
		91F288F52BF65A6000EF74B2 /* ProfileView.swift */ = {isa = PBXFileReference; lastKnownFileType = sourcecode.swift; path = ProfileView.swift; sourceTree = "<group>"; };
		91F288F82BF65B5F00EF74B2 /* TextfieldHelper.swift */ = {isa = PBXFileReference; lastKnownFileType = sourcecode.swift; path = TextfieldHelper.swift; sourceTree = "<group>"; };
/* End PBXFileReference section */

/* Begin PBXFrameworksBuildPhase section */
		91BC026C2BF585AD00C2AA4D /* Frameworks */ = {
			isa = PBXFrameworksBuildPhase;
			buildActionMask = 2147483647;
			files = (
				91BC02B22BF5863D00C2AA4D /* Lottie in Frameworks */,
			);
			runOnlyForDeploymentPostprocessing = 0;
		};
		91BC027D2BF585AE00C2AA4D /* Frameworks */ = {
			isa = PBXFrameworksBuildPhase;
			buildActionMask = 2147483647;
			files = (
			);
			runOnlyForDeploymentPostprocessing = 0;
		};
		91BC02872BF585AE00C2AA4D /* Frameworks */ = {
			isa = PBXFrameworksBuildPhase;
			buildActionMask = 2147483647;
			files = (
			);
			runOnlyForDeploymentPostprocessing = 0;
		};
/* End PBXFrameworksBuildPhase section */

/* Begin PBXGroup section */
		91BC02662BF585AD00C2AA4D = {
			isa = PBXGroup;
			children = (
				91BC02712BF585AD00C2AA4D /* learningSwiftUI */,
				91BC02832BF585AE00C2AA4D /* learningSwiftUITests */,
				91BC028D2BF585AE00C2AA4D /* learningSwiftUIUITests */,
				91BC02702BF585AD00C2AA4D /* Products */,
			);
			sourceTree = "<group>";
		};
		91BC02702BF585AD00C2AA4D /* Products */ = {
			isa = PBXGroup;
			children = (
				91BC026F2BF585AD00C2AA4D /* learningSwiftUI.app */,
				91BC02802BF585AE00C2AA4D /* learningSwiftUITests.xctest */,
				91BC028A2BF585AE00C2AA4D /* learningSwiftUIUITests.xctest */,
			);
			name = Products;
			sourceTree = "<group>";
		};
		91BC02712BF585AD00C2AA4D /* learningSwiftUI */ = {
			isa = PBXGroup;
			children = (
				91BC02AB2BF5861E00C2AA4D /* Resources */,
				91BC02A82BF5861E00C2AA4D /* SplashScreen */,
				91BC02A62BF5861E00C2AA4D /* AppData */,
				91F288F72BF65B4700EF74B2 /* Helpers */,
				91BC02A12BF5860C00C2AA4D /* HomeView */,
				91F288F32BF659FE00EF74B2 /* ProfileView */,
				91BC02722BF585AD00C2AA4D /* learningSwiftUIApp.swift */,
				91BC02742BF585AD00C2AA4D /* ContentView.swift */,
				91BC02762BF585AE00C2AA4D /* Assets.xcassets */,
				91BC02782BF585AE00C2AA4D /* learningSwiftUI.entitlements */,
				91BC02792BF585AE00C2AA4D /* Preview Content */,
			);
			path = learningSwiftUI;
			sourceTree = "<group>";
		};
		91BC02792BF585AE00C2AA4D /* Preview Content */ = {
			isa = PBXGroup;
			children = (
				91BC027A2BF585AE00C2AA4D /* Preview Assets.xcassets */,
			);
			path = "Preview Content";
			sourceTree = "<group>";
		};
		91BC02832BF585AE00C2AA4D /* learningSwiftUITests */ = {
			isa = PBXGroup;
			children = (
				91BC02842BF585AE00C2AA4D /* learningSwiftUITests.swift */,
			);
			path = learningSwiftUITests;
			sourceTree = "<group>";
		};
		91BC028D2BF585AE00C2AA4D /* learningSwiftUIUITests */ = {
			isa = PBXGroup;
			children = (
				91BC028E2BF585AE00C2AA4D /* learningSwiftUIUITests.swift */,
				91BC02902BF585AE00C2AA4D /* learningSwiftUIUITestsLaunchTests.swift */,
			);
			path = learningSwiftUIUITests;
			sourceTree = "<group>";
		};
		91BC029F2BF5860C00C2AA4D /* View */ = {
			isa = PBXGroup;
			children = (
				91321BA62BF5AC71000FEA3F /* TabItem.swift */,
				91BC029D2BF5860C00C2AA4D /* CustomTabBar.swift */,
				91BC029E2BF5860C00C2AA4D /* HomeView.swift */,
			);
			path = View;
			sourceTree = "<group>";
		};
		91BC02A02BF5860C00C2AA4D /* ViewModel */ = {
			isa = PBXGroup;
			children = (
			);
			path = ViewModel;
			sourceTree = "<group>";
		};
		91BC02A12BF5860C00C2AA4D /* HomeView */ = {
			isa = PBXGroup;
			children = (
				91F288F22BF659E600EF74B2 /* Model */,
				91BC02A02BF5860C00C2AA4D /* ViewModel */,
				91BC029F2BF5860C00C2AA4D /* View */,
			);
			path = HomeView;
			sourceTree = "<group>";
		};
		91BC02A62BF5861E00C2AA4D /* AppData */ = {
			isa = PBXGroup;
			children = (
				91BC02A42BF5861E00C2AA4D /* AppData.swift */,
			);
			path = AppData;
			sourceTree = "<group>";
		};
		91BC02A82BF5861E00C2AA4D /* SplashScreen */ = {
			isa = PBXGroup;
			children = (
				91BC02A72BF5861E00C2AA4D /* SplashScreen.swift */,
			);
			path = SplashScreen;
			sourceTree = "<group>";
		};
		91BC02AA2BF5861E00C2AA4D /* Logos */ = {
			isa = PBXGroup;
			children = (
				91BC02A92BF5861E00C2AA4D /* netflixSplash.json */,
			);
			path = Logos;
			sourceTree = "<group>";
		};
		91BC02AB2BF5861E00C2AA4D /* Resources */ = {
			isa = PBXGroup;
			children = (
				91BC02AA2BF5861E00C2AA4D /* Logos */,
			);
			path = Resources;
			sourceTree = "<group>";
		};
		91F288F22BF659E600EF74B2 /* Model */ = {
			isa = PBXGroup;
			children = (
				91BC02A52BF5861E00C2AA4D /* Tab.swift */,
			);
			path = Model;
			sourceTree = "<group>";
		};
		91F288F32BF659FE00EF74B2 /* ProfileView */ = {
			isa = PBXGroup;
			children = (
				91F288F52BF65A6000EF74B2 /* ProfileView.swift */,
				917704B62C1A77720082C841 /* ProfileViewModel.swift */,
			);
			path = ProfileView;
			sourceTree = "<group>";
		};
		91F288F72BF65B4700EF74B2 /* Helpers */ = {
			isa = PBXGroup;
			children = (
				91F288F82BF65B5F00EF74B2 /* TextfieldHelper.swift */,
				917724D22BF9734A008BBE8B /* TextHelper.swift */,
				917724D42BF97598008BBE8B /* ButtonHelper.swift */,
				91EA2E582C164A00001FA46B /* DatePickerHelper.swift */,
				914BEAB22C17A5C800C8A8E8 /* AnumsApp.swift */,
			);
			path = Helpers;
			sourceTree = "<group>";
		};
/* End PBXGroup section */

/* Begin PBXNativeTarget section */
		91BC026E2BF585AD00C2AA4D /* learningSwiftUI */ = {
			isa = PBXNativeTarget;
			buildConfigurationList = 91BC02942BF585AE00C2AA4D /* Build configuration list for PBXNativeTarget "learningSwiftUI" */;
			buildPhases = (
				91BC026B2BF585AD00C2AA4D /* Sources */,
				91BC026C2BF585AD00C2AA4D /* Frameworks */,
				91BC026D2BF585AD00C2AA4D /* Resources */,
			);
			buildRules = (
			);
			dependencies = (
			);
			name = learningSwiftUI;
			packageProductDependencies = (
				91BC02B12BF5863D00C2AA4D /* Lottie */,
			);
			productName = learningSwiftUI;
			productReference = 91BC026F2BF585AD00C2AA4D /* learningSwiftUI.app */;
			productType = "com.apple.product-type.application";
		};
		91BC027F2BF585AE00C2AA4D /* learningSwiftUITests */ = {
			isa = PBXNativeTarget;
			buildConfigurationList = 91BC02972BF585AE00C2AA4D /* Build configuration list for PBXNativeTarget "learningSwiftUITests" */;
			buildPhases = (
				91BC027C2BF585AE00C2AA4D /* Sources */,
				91BC027D2BF585AE00C2AA4D /* Frameworks */,
				91BC027E2BF585AE00C2AA4D /* Resources */,
			);
			buildRules = (
			);
			dependencies = (
				91BC02822BF585AE00C2AA4D /* PBXTargetDependency */,
			);
			name = learningSwiftUITests;
			productName = learningSwiftUITests;
			productReference = 91BC02802BF585AE00C2AA4D /* learningSwiftUITests.xctest */;
			productType = "com.apple.product-type.bundle.unit-test";
		};
		91BC02892BF585AE00C2AA4D /* learningSwiftUIUITests */ = {
			isa = PBXNativeTarget;
			buildConfigurationList = 91BC029A2BF585AE00C2AA4D /* Build configuration list for PBXNativeTarget "learningSwiftUIUITests" */;
			buildPhases = (
				91BC02862BF585AE00C2AA4D /* Sources */,
				91BC02872BF585AE00C2AA4D /* Frameworks */,
				91BC02882BF585AE00C2AA4D /* Resources */,
			);
			buildRules = (
			);
			dependencies = (
				91BC028C2BF585AE00C2AA4D /* PBXTargetDependency */,
			);
			name = learningSwiftUIUITests;
			productName = learningSwiftUIUITests;
			productReference = 91BC028A2BF585AE00C2AA4D /* learningSwiftUIUITests.xctest */;
			productType = "com.apple.product-type.bundle.ui-testing";
		};
/* End PBXNativeTarget section */

/* Begin PBXProject section */
		91BC02672BF585AD00C2AA4D /* Project object */ = {
			isa = PBXProject;
			attributes = {
				BuildIndependentTargetsInParallel = 1;
				LastSwiftUpdateCheck = 1540;
				LastUpgradeCheck = 1540;
				TargetAttributes = {
					91BC026E2BF585AD00C2AA4D = {
						CreatedOnToolsVersion = 15.4;
					};
					91BC027F2BF585AE00C2AA4D = {
						CreatedOnToolsVersion = 15.4;
						TestTargetID = 91BC026E2BF585AD00C2AA4D;
					};
					91BC02892BF585AE00C2AA4D = {
						CreatedOnToolsVersion = 15.4;
						TestTargetID = 91BC026E2BF585AD00C2AA4D;
					};
				};
			};
			buildConfigurationList = 91BC026A2BF585AD00C2AA4D /* Build configuration list for PBXProject "learningSwiftUI" */;
			compatibilityVersion = "Xcode 14.0";
			developmentRegion = en;
			hasScannedForEncodings = 0;
			knownRegions = (
				en,
				Base,
			);
			mainGroup = 91BC02662BF585AD00C2AA4D;
			packageReferences = (
				91BC02B02BF5863D00C2AA4D /* XCRemoteSwiftPackageReference "lottie-ios" */,
			);
			productRefGroup = 91BC02702BF585AD00C2AA4D /* Products */;
			projectDirPath = "";
			projectRoot = "";
			targets = (
				91BC026E2BF585AD00C2AA4D /* learningSwiftUI */,
				91BC027F2BF585AE00C2AA4D /* learningSwiftUITests */,
				91BC02892BF585AE00C2AA4D /* learningSwiftUIUITests */,
			);
		};
/* End PBXProject section */

/* Begin PBXResourcesBuildPhase section */
		91BC026D2BF585AD00C2AA4D /* Resources */ = {
			isa = PBXResourcesBuildPhase;
			buildActionMask = 2147483647;
			files = (
				91BC027B2BF585AE00C2AA4D /* Preview Assets.xcassets in Resources */,
				91BC02AF2BF5861E00C2AA4D /* netflixSplash.json in Resources */,
				91BC02772BF585AE00C2AA4D /* Assets.xcassets in Resources */,
			);
			runOnlyForDeploymentPostprocessing = 0;
		};
		91BC027E2BF585AE00C2AA4D /* Resources */ = {
			isa = PBXResourcesBuildPhase;
			buildActionMask = 2147483647;
			files = (
			);
			runOnlyForDeploymentPostprocessing = 0;
		};
		91BC02882BF585AE00C2AA4D /* Resources */ = {
			isa = PBXResourcesBuildPhase;
			buildActionMask = 2147483647;
			files = (
			);
			runOnlyForDeploymentPostprocessing = 0;
		};
/* End PBXResourcesBuildPhase section */

/* Begin PBXSourcesBuildPhase section */
		91BC026B2BF585AD00C2AA4D /* Sources */ = {
			isa = PBXSourcesBuildPhase;
			buildActionMask = 2147483647;
			files = (
				91BC02752BF585AD00C2AA4D /* ContentView.swift in Sources */,
				917724D32BF9734A008BBE8B /* TextHelper.swift in Sources */,
				91F288F62BF65A6000EF74B2 /* ProfileView.swift in Sources */,
				91EA2E592C164A00001FA46B /* DatePickerHelper.swift in Sources */,
				91BC02A32BF5860C00C2AA4D /* HomeView.swift in Sources */,
				91BC02AE2BF5861E00C2AA4D /* SplashScreen.swift in Sources */,
				917724D52BF97598008BBE8B /* ButtonHelper.swift in Sources */,
				91BC02A22BF5860C00C2AA4D /* CustomTabBar.swift in Sources */,
				91BC02AD2BF5861E00C2AA4D /* Tab.swift in Sources */,
				917704B72C1A77720082C841 /* ProfileViewModel.swift in Sources */,
				91BC02732BF585AD00C2AA4D /* learningSwiftUIApp.swift in Sources */,
				91F288F92BF65B5F00EF74B2 /* TextfieldHelper.swift in Sources */,
				91BC02AC2BF5861E00C2AA4D /* AppData.swift in Sources */,
				914BEAB32C17A5C800C8A8E8 /* AnumsApp.swift in Sources */,
				91321BA72BF5AC71000FEA3F /* TabItem.swift in Sources */,
			);
			runOnlyForDeploymentPostprocessing = 0;
		};
		91BC027C2BF585AE00C2AA4D /* Sources */ = {
			isa = PBXSourcesBuildPhase;
			buildActionMask = 2147483647;
			files = (
				91BC02852BF585AE00C2AA4D /* learningSwiftUITests.swift in Sources */,
			);
			runOnlyForDeploymentPostprocessing = 0;
		};
		91BC02862BF585AE00C2AA4D /* Sources */ = {
			isa = PBXSourcesBuildPhase;
			buildActionMask = 2147483647;
			files = (
				91BC02912BF585AE00C2AA4D /* learningSwiftUIUITestsLaunchTests.swift in Sources */,
				91BC028F2BF585AE00C2AA4D /* learningSwiftUIUITests.swift in Sources */,
			);
			runOnlyForDeploymentPostprocessing = 0;
		};
/* End PBXSourcesBuildPhase section */

/* Begin PBXTargetDependency section */
		91BC02822BF585AE00C2AA4D /* PBXTargetDependency */ = {
			isa = PBXTargetDependency;
			target = 91BC026E2BF585AD00C2AA4D /* learningSwiftUI */;
			targetProxy = 91BC02812BF585AE00C2AA4D /* PBXContainerItemProxy */;
		};
		91BC028C2BF585AE00C2AA4D /* PBXTargetDependency */ = {
			isa = PBXTargetDependency;
			target = 91BC026E2BF585AD00C2AA4D /* learningSwiftUI */;
			targetProxy = 91BC028B2BF585AE00C2AA4D /* PBXContainerItemProxy */;
		};
/* End PBXTargetDependency section */

/* Begin XCBuildConfiguration section */
		91BC02922BF585AE00C2AA4D /* Debug */ = {
			isa = XCBuildConfiguration;
			buildSettings = {
				ALWAYS_SEARCH_USER_PATHS = NO;
				ASSETCATALOG_COMPILER_GENERATE_SWIFT_ASSET_SYMBOL_EXTENSIONS = YES;
				CLANG_ANALYZER_NONNULL = YES;
				CLANG_ANALYZER_NUMBER_OBJECT_CONVERSION = YES_AGGRESSIVE;
				CLANG_CXX_LANGUAGE_STANDARD = "gnu++20";
				CLANG_ENABLE_MODULES = YES;
				CLANG_ENABLE_OBJC_ARC = YES;
				CLANG_ENABLE_OBJC_WEAK = YES;
				CLANG_WARN_BLOCK_CAPTURE_AUTORELEASING = YES;
				CLANG_WARN_BOOL_CONVERSION = YES;
				CLANG_WARN_COMMA = YES;
				CLANG_WARN_CONSTANT_CONVERSION = YES;
				CLANG_WARN_DEPRECATED_OBJC_IMPLEMENTATIONS = YES;
				CLANG_WARN_DIRECT_OBJC_ISA_USAGE = YES_ERROR;
				CLANG_WARN_DOCUMENTATION_COMMENTS = YES;
				CLANG_WARN_EMPTY_BODY = YES;
				CLANG_WARN_ENUM_CONVERSION = YES;
				CLANG_WARN_INFINITE_RECURSION = YES;
				CLANG_WARN_INT_CONVERSION = YES;
				CLANG_WARN_NON_LITERAL_NULL_CONVERSION = YES;
				CLANG_WARN_OBJC_IMPLICIT_RETAIN_SELF = YES;
				CLANG_WARN_OBJC_LITERAL_CONVERSION = YES;
				CLANG_WARN_OBJC_ROOT_CLASS = YES_ERROR;
				CLANG_WARN_QUOTED_INCLUDE_IN_FRAMEWORK_HEADER = YES;
				CLANG_WARN_RANGE_LOOP_ANALYSIS = YES;
				CLANG_WARN_STRICT_PROTOTYPES = YES;
				CLANG_WARN_SUSPICIOUS_MOVE = YES;
				CLANG_WARN_UNGUARDED_AVAILABILITY = YES_AGGRESSIVE;
				CLANG_WARN_UNREACHABLE_CODE = YES;
				CLANG_WARN__DUPLICATE_METHOD_MATCH = YES;
				COPY_PHASE_STRIP = NO;
				DEBUG_INFORMATION_FORMAT = dwarf;
				ENABLE_STRICT_OBJC_MSGSEND = YES;
				ENABLE_TESTABILITY = YES;
				ENABLE_USER_SCRIPT_SANDBOXING = YES;
				GCC_C_LANGUAGE_STANDARD = gnu17;
				GCC_DYNAMIC_NO_PIC = NO;
				GCC_NO_COMMON_BLOCKS = YES;
				GCC_OPTIMIZATION_LEVEL = 0;
				GCC_PREPROCESSOR_DEFINITIONS = (
					"DEBUG=1",
					"$(inherited)",
				);
				GCC_WARN_64_TO_32_BIT_CONVERSION = YES;
				GCC_WARN_ABOUT_RETURN_TYPE = YES_ERROR;
				GCC_WARN_UNDECLARED_SELECTOR = YES;
				GCC_WARN_UNINITIALIZED_AUTOS = YES_AGGRESSIVE;
				GCC_WARN_UNUSED_FUNCTION = YES;
				GCC_WARN_UNUSED_VARIABLE = YES;
				LOCALIZATION_PREFERS_STRING_CATALOGS = YES;
				MTL_ENABLE_DEBUG_INFO = INCLUDE_SOURCE;
				MTL_FAST_MATH = YES;
				ONLY_ACTIVE_ARCH = YES;
				SWIFT_ACTIVE_COMPILATION_CONDITIONS = "DEBUG $(inherited)";
				SWIFT_OPTIMIZATION_LEVEL = "-Onone";
			};
			name = Debug;
		};
		91BC02932BF585AE00C2AA4D /* Release */ = {
			isa = XCBuildConfiguration;
			buildSettings = {
				ALWAYS_SEARCH_USER_PATHS = NO;
				ASSETCATALOG_COMPILER_GENERATE_SWIFT_ASSET_SYMBOL_EXTENSIONS = YES;
				CLANG_ANALYZER_NONNULL = YES;
				CLANG_ANALYZER_NUMBER_OBJECT_CONVERSION = YES_AGGRESSIVE;
				CLANG_CXX_LANGUAGE_STANDARD = "gnu++20";
				CLANG_ENABLE_MODULES = YES;
				CLANG_ENABLE_OBJC_ARC = YES;
				CLANG_ENABLE_OBJC_WEAK = YES;
				CLANG_WARN_BLOCK_CAPTURE_AUTORELEASING = YES;
				CLANG_WARN_BOOL_CONVERSION = YES;
				CLANG_WARN_COMMA = YES;
				CLANG_WARN_CONSTANT_CONVERSION = YES;
				CLANG_WARN_DEPRECATED_OBJC_IMPLEMENTATIONS = YES;
				CLANG_WARN_DIRECT_OBJC_ISA_USAGE = YES_ERROR;
				CLANG_WARN_DOCUMENTATION_COMMENTS = YES;
				CLANG_WARN_EMPTY_BODY = YES;
				CLANG_WARN_ENUM_CONVERSION = YES;
				CLANG_WARN_INFINITE_RECURSION = YES;
				CLANG_WARN_INT_CONVERSION = YES;
				CLANG_WARN_NON_LITERAL_NULL_CONVERSION = YES;
				CLANG_WARN_OBJC_IMPLICIT_RETAIN_SELF = YES;
				CLANG_WARN_OBJC_LITERAL_CONVERSION = YES;
				CLANG_WARN_OBJC_ROOT_CLASS = YES_ERROR;
				CLANG_WARN_QUOTED_INCLUDE_IN_FRAMEWORK_HEADER = YES;
				CLANG_WARN_RANGE_LOOP_ANALYSIS = YES;
				CLANG_WARN_STRICT_PROTOTYPES = YES;
				CLANG_WARN_SUSPICIOUS_MOVE = YES;
				CLANG_WARN_UNGUARDED_AVAILABILITY = YES_AGGRESSIVE;
				CLANG_WARN_UNREACHABLE_CODE = YES;
				CLANG_WARN__DUPLICATE_METHOD_MATCH = YES;
				COPY_PHASE_STRIP = NO;
				DEBUG_INFORMATION_FORMAT = "dwarf-with-dsym";
				ENABLE_NS_ASSERTIONS = NO;
				ENABLE_STRICT_OBJC_MSGSEND = YES;
				ENABLE_USER_SCRIPT_SANDBOXING = YES;
				GCC_C_LANGUAGE_STANDARD = gnu17;
				GCC_NO_COMMON_BLOCKS = YES;
				GCC_WARN_64_TO_32_BIT_CONVERSION = YES;
				GCC_WARN_ABOUT_RETURN_TYPE = YES_ERROR;
				GCC_WARN_UNDECLARED_SELECTOR = YES;
				GCC_WARN_UNINITIALIZED_AUTOS = YES_AGGRESSIVE;
				GCC_WARN_UNUSED_FUNCTION = YES;
				GCC_WARN_UNUSED_VARIABLE = YES;
				LOCALIZATION_PREFERS_STRING_CATALOGS = YES;
				MTL_ENABLE_DEBUG_INFO = NO;
				MTL_FAST_MATH = YES;
				SWIFT_COMPILATION_MODE = wholemodule;
			};
			name = Release;
		};
		91BC02952BF585AE00C2AA4D /* Debug */ = {
			isa = XCBuildConfiguration;
			buildSettings = {
				ASSETCATALOG_COMPILER_APPICON_NAME = AppIcon;
				ASSETCATALOG_COMPILER_GLOBAL_ACCENT_COLOR_NAME = AccentColor;
				CODE_SIGN_ENTITLEMENTS = learningSwiftUI/learningSwiftUI.entitlements;
				CODE_SIGN_STYLE = Automatic;
				CURRENT_PROJECT_VERSION = 1;
				DEVELOPMENT_ASSET_PATHS = "\"learningSwiftUI/Preview Content\"";
				DEVELOPMENT_TEAM = W354C4N4JZ;
				ENABLE_HARDENED_RUNTIME = YES;
				ENABLE_PREVIEWS = YES;
				GENERATE_INFOPLIST_FILE = YES;
				"INFOPLIST_KEY_UIApplicationSceneManifest_Generation[sdk=iphoneos*]" = YES;
				"INFOPLIST_KEY_UIApplicationSceneManifest_Generation[sdk=iphonesimulator*]" = YES;
				"INFOPLIST_KEY_UIApplicationSupportsIndirectInputEvents[sdk=iphoneos*]" = YES;
				"INFOPLIST_KEY_UIApplicationSupportsIndirectInputEvents[sdk=iphonesimulator*]" = YES;
				"INFOPLIST_KEY_UILaunchScreen_Generation[sdk=iphoneos*]" = YES;
				"INFOPLIST_KEY_UILaunchScreen_Generation[sdk=iphonesimulator*]" = YES;
				"INFOPLIST_KEY_UIStatusBarStyle[sdk=iphoneos*]" = UIStatusBarStyleDefault;
				"INFOPLIST_KEY_UIStatusBarStyle[sdk=iphonesimulator*]" = UIStatusBarStyleDefault;
				INFOPLIST_KEY_UISupportedInterfaceOrientations_iPad = "UIInterfaceOrientationPortrait UIInterfaceOrientationPortraitUpsideDown UIInterfaceOrientationLandscapeLeft UIInterfaceOrientationLandscapeRight";
				INFOPLIST_KEY_UISupportedInterfaceOrientations_iPhone = "UIInterfaceOrientationPortrait UIInterfaceOrientationLandscapeLeft UIInterfaceOrientationLandscapeRight";
				IPHONEOS_DEPLOYMENT_TARGET = 17.5;
				LD_RUNPATH_SEARCH_PATHS = "@executable_path/Frameworks";
				"LD_RUNPATH_SEARCH_PATHS[sdk=macosx*]" = "@executable_path/../Frameworks";
				MACOSX_DEPLOYMENT_TARGET = 14.4;
				MARKETING_VERSION = 1.0;
				PRODUCT_BUNDLE_IDENTIFIER = judagonsa.learningSwiftUI;
				PRODUCT_NAME = "$(TARGET_NAME)";
				SDKROOT = auto;
				SUPPORTED_PLATFORMS = "iphoneos iphonesimulator macosx";
				SWIFT_EMIT_LOC_STRINGS = YES;
				SWIFT_VERSION = 5.0;
				TARGETED_DEVICE_FAMILY = "1,2";
			};
			name = Debug;
		};
		91BC02962BF585AE00C2AA4D /* Release */ = {
			isa = XCBuildConfiguration;
			buildSettings = {
				ASSETCATALOG_COMPILER_APPICON_NAME = AppIcon;
				ASSETCATALOG_COMPILER_GLOBAL_ACCENT_COLOR_NAME = AccentColor;
				CODE_SIGN_ENTITLEMENTS = learningSwiftUI/learningSwiftUI.entitlements;
				CODE_SIGN_STYLE = Automatic;
				CURRENT_PROJECT_VERSION = 1;
				DEVELOPMENT_ASSET_PATHS = "\"learningSwiftUI/Preview Content\"";
				DEVELOPMENT_TEAM = W354C4N4JZ;
				ENABLE_HARDENED_RUNTIME = YES;
				ENABLE_PREVIEWS = YES;
				GENERATE_INFOPLIST_FILE = YES;
				"INFOPLIST_KEY_UIApplicationSceneManifest_Generation[sdk=iphoneos*]" = YES;
				"INFOPLIST_KEY_UIApplicationSceneManifest_Generation[sdk=iphonesimulator*]" = YES;
				"INFOPLIST_KEY_UIApplicationSupportsIndirectInputEvents[sdk=iphoneos*]" = YES;
				"INFOPLIST_KEY_UIApplicationSupportsIndirectInputEvents[sdk=iphonesimulator*]" = YES;
				"INFOPLIST_KEY_UILaunchScreen_Generation[sdk=iphoneos*]" = YES;
				"INFOPLIST_KEY_UILaunchScreen_Generation[sdk=iphonesimulator*]" = YES;
				"INFOPLIST_KEY_UIStatusBarStyle[sdk=iphoneos*]" = UIStatusBarStyleDefault;
				"INFOPLIST_KEY_UIStatusBarStyle[sdk=iphonesimulator*]" = UIStatusBarStyleDefault;
				INFOPLIST_KEY_UISupportedInterfaceOrientations_iPad = "UIInterfaceOrientationPortrait UIInterfaceOrientationPortraitUpsideDown UIInterfaceOrientationLandscapeLeft UIInterfaceOrientationLandscapeRight";
				INFOPLIST_KEY_UISupportedInterfaceOrientations_iPhone = "UIInterfaceOrientationPortrait UIInterfaceOrientationLandscapeLeft UIInterfaceOrientationLandscapeRight";
				IPHONEOS_DEPLOYMENT_TARGET = 17.5;
				LD_RUNPATH_SEARCH_PATHS = "@executable_path/Frameworks";
				"LD_RUNPATH_SEARCH_PATHS[sdk=macosx*]" = "@executable_path/../Frameworks";
				MACOSX_DEPLOYMENT_TARGET = 14.4;
				MARKETING_VERSION = 1.0;
				PRODUCT_BUNDLE_IDENTIFIER = judagonsa.learningSwiftUI;
				PRODUCT_NAME = "$(TARGET_NAME)";
				SDKROOT = auto;
				SUPPORTED_PLATFORMS = "iphoneos iphonesimulator macosx";
				SWIFT_EMIT_LOC_STRINGS = YES;
				SWIFT_VERSION = 5.0;
				TARGETED_DEVICE_FAMILY = "1,2";
			};
			name = Release;
		};
		91BC02982BF585AE00C2AA4D /* Debug */ = {
			isa = XCBuildConfiguration;
			buildSettings = {
				ALWAYS_EMBED_SWIFT_STANDARD_LIBRARIES = YES;
				BUNDLE_LOADER = "$(TEST_HOST)";
				CODE_SIGN_STYLE = Automatic;
				CURRENT_PROJECT_VERSION = 1;
				DEVELOPMENT_TEAM = W354C4N4JZ;
				GENERATE_INFOPLIST_FILE = YES;
				IPHONEOS_DEPLOYMENT_TARGET = 17.5;
				MACOSX_DEPLOYMENT_TARGET = 14.4;
				MARKETING_VERSION = 1.0;
				PRODUCT_BUNDLE_IDENTIFIER = judagonsa.learningSwiftUITests;
				PRODUCT_NAME = "$(TARGET_NAME)";
				SDKROOT = auto;
				SUPPORTED_PLATFORMS = "iphoneos iphonesimulator macosx";
				SWIFT_EMIT_LOC_STRINGS = NO;
				SWIFT_VERSION = 5.0;
				TARGETED_DEVICE_FAMILY = "1,2";
				TEST_HOST = "$(BUILT_PRODUCTS_DIR)/learningSwiftUI.app/$(BUNDLE_EXECUTABLE_FOLDER_PATH)/learningSwiftUI";
			};
			name = Debug;
		};
		91BC02992BF585AE00C2AA4D /* Release */ = {
			isa = XCBuildConfiguration;
			buildSettings = {
				ALWAYS_EMBED_SWIFT_STANDARD_LIBRARIES = YES;
				BUNDLE_LOADER = "$(TEST_HOST)";
				CODE_SIGN_STYLE = Automatic;
				CURRENT_PROJECT_VERSION = 1;
				DEVELOPMENT_TEAM = W354C4N4JZ;
				GENERATE_INFOPLIST_FILE = YES;
				IPHONEOS_DEPLOYMENT_TARGET = 17.5;
				MACOSX_DEPLOYMENT_TARGET = 14.4;
				MARKETING_VERSION = 1.0;
				PRODUCT_BUNDLE_IDENTIFIER = judagonsa.learningSwiftUITests;
				PRODUCT_NAME = "$(TARGET_NAME)";
				SDKROOT = auto;
				SUPPORTED_PLATFORMS = "iphoneos iphonesimulator macosx";
				SWIFT_EMIT_LOC_STRINGS = NO;
				SWIFT_VERSION = 5.0;
				TARGETED_DEVICE_FAMILY = "1,2";
				TEST_HOST = "$(BUILT_PRODUCTS_DIR)/learningSwiftUI.app/$(BUNDLE_EXECUTABLE_FOLDER_PATH)/learningSwiftUI";
			};
			name = Release;
		};
		91BC029B2BF585AE00C2AA4D /* Debug */ = {
			isa = XCBuildConfiguration;
			buildSettings = {
				ALWAYS_EMBED_SWIFT_STANDARD_LIBRARIES = YES;
				CODE_SIGN_STYLE = Automatic;
				CURRENT_PROJECT_VERSION = 1;
				DEVELOPMENT_TEAM = W354C4N4JZ;
				GENERATE_INFOPLIST_FILE = YES;
				IPHONEOS_DEPLOYMENT_TARGET = 17.5;
				MACOSX_DEPLOYMENT_TARGET = 14.4;
				MARKETING_VERSION = 1.0;
				PRODUCT_BUNDLE_IDENTIFIER = judagonsa.learningSwiftUIUITests;
				PRODUCT_NAME = "$(TARGET_NAME)";
				SDKROOT = auto;
				SUPPORTED_PLATFORMS = "iphoneos iphonesimulator macosx";
				SWIFT_EMIT_LOC_STRINGS = NO;
				SWIFT_VERSION = 5.0;
				TARGETED_DEVICE_FAMILY = "1,2";
				TEST_TARGET_NAME = learningSwiftUI;
			};
			name = Debug;
		};
		91BC029C2BF585AE00C2AA4D /* Release */ = {
			isa = XCBuildConfiguration;
			buildSettings = {
				ALWAYS_EMBED_SWIFT_STANDARD_LIBRARIES = YES;
				CODE_SIGN_STYLE = Automatic;
				CURRENT_PROJECT_VERSION = 1;
				DEVELOPMENT_TEAM = W354C4N4JZ;
				GENERATE_INFOPLIST_FILE = YES;
				IPHONEOS_DEPLOYMENT_TARGET = 17.5;
				MACOSX_DEPLOYMENT_TARGET = 14.4;
				MARKETING_VERSION = 1.0;
				PRODUCT_BUNDLE_IDENTIFIER = judagonsa.learningSwiftUIUITests;
				PRODUCT_NAME = "$(TARGET_NAME)";
				SDKROOT = auto;
				SUPPORTED_PLATFORMS = "iphoneos iphonesimulator macosx";
				SWIFT_EMIT_LOC_STRINGS = NO;
				SWIFT_VERSION = 5.0;
				TARGETED_DEVICE_FAMILY = "1,2";
				TEST_TARGET_NAME = learningSwiftUI;
			};
			name = Release;
		};
/* End XCBuildConfiguration section */

/* Begin XCConfigurationList section */
		91BC026A2BF585AD00C2AA4D /* Build configuration list for PBXProject "learningSwiftUI" */ = {
			isa = XCConfigurationList;
			buildConfigurations = (
				91BC02922BF585AE00C2AA4D /* Debug */,
				91BC02932BF585AE00C2AA4D /* Release */,
			);
			defaultConfigurationIsVisible = 0;
			defaultConfigurationName = Release;
		};
		91BC02942BF585AE00C2AA4D /* Build configuration list for PBXNativeTarget "learningSwiftUI" */ = {
			isa = XCConfigurationList;
			buildConfigurations = (
				91BC02952BF585AE00C2AA4D /* Debug */,
				91BC02962BF585AE00C2AA4D /* Release */,
			);
			defaultConfigurationIsVisible = 0;
			defaultConfigurationName = Release;
		};
		91BC02972BF585AE00C2AA4D /* Build configuration list for PBXNativeTarget "learningSwiftUITests" */ = {
			isa = XCConfigurationList;
			buildConfigurations = (
				91BC02982BF585AE00C2AA4D /* Debug */,
				91BC02992BF585AE00C2AA4D /* Release */,
			);
			defaultConfigurationIsVisible = 0;
			defaultConfigurationName = Release;
		};
		91BC029A2BF585AE00C2AA4D /* Build configuration list for PBXNativeTarget "learningSwiftUIUITests" */ = {
			isa = XCConfigurationList;
			buildConfigurations = (
				91BC029B2BF585AE00C2AA4D /* Debug */,
				91BC029C2BF585AE00C2AA4D /* Release */,
			);
			defaultConfigurationIsVisible = 0;
			defaultConfigurationName = Release;
		};
/* End XCConfigurationList section */

/* Begin XCRemoteSwiftPackageReference section */
		91BC02B02BF5863D00C2AA4D /* XCRemoteSwiftPackageReference "lottie-ios" */ = {
			isa = XCRemoteSwiftPackageReference;
			repositoryURL = "https://github.com/airbnb/lottie-ios";
			requirement = {
				kind = upToNextMajorVersion;
				minimumVersion = 4.4.3;
			};
		};
/* End XCRemoteSwiftPackageReference section */

/* Begin XCSwiftPackageProductDependency section */
		91BC02B12BF5863D00C2AA4D /* Lottie */ = {
			isa = XCSwiftPackageProductDependency;
			package = 91BC02B02BF5863D00C2AA4D /* XCRemoteSwiftPackageReference "lottie-ios" */;
			productName = Lottie;
		};
/* End XCSwiftPackageProductDependency section */
	};
	rootObject = 91BC02672BF585AD00C2AA4D /* Project object */;
}
